# THIS IS AN AUTOGENERATED FILE. DO NOT EDIT THIS FILE DIRECTLY.
# yarn lockfile v1


"@graphql-codegen/plugin-helpers@1.13.2":
  version "1.13.2"
  resolved "https://registry.yarnpkg.com/@graphql-codegen/plugin-helpers/-/plugin-helpers-1.13.2.tgz#ab886ad46e7531877e83db3e297e6053670f392f"
  integrity sha512-ES5mkyV5Dk/zRUwjnbHd4WTJAUZWZBzD/n4k3jXcERbEyF2A3U8WMIbU97Lym9e2M/IFiELUG27gjtDul+sWMg==
  dependencies:
    "@graphql-toolkit/common" "~0.10.3"
    camel-case "4.1.1"
    common-tags "1.8.0"
    constant-case "3.0.3"
    import-from "3.0.0"
    lower-case "2.0.1"
    param-case "3.0.3"
    pascal-case "3.1.1"
    tslib "~1.11.1"
    upper-case "2.0.1"

"@graphql-codegen/typescript-graphql-files-modules@^1.13.2":
  version "1.13.2"
  resolved "https://registry.yarnpkg.com/@graphql-codegen/typescript-graphql-files-modules/-/typescript-graphql-files-modules-1.13.2.tgz#a14141611bc914d5c257ada889f0ad9e5799a2a2"
  integrity sha512-tysN7l+rnTL8jDDV3yr3d79NXanGTLgTe9yusAtsGktO0tRcd44so+I3FM23DUQQSmzPVzepg6CAXF65sgr2zg==
  dependencies:
    "@graphql-codegen/plugin-helpers" "1.13.2"
    tslib "~1.11.1"

"@graphql-toolkit/common@~0.10.3":
  version "0.10.3"
  resolved "https://registry.yarnpkg.com/@graphql-toolkit/common/-/common-0.10.3.tgz#6448b7560628099f83a01b26543a320219c9352a"
  integrity sha512-COo2pNZn4+xEYNpL3qttzhWvYCauFyqyoDxlSniIWsC5GKtpmh0Yc0UDD3OMGUfWYxZrlQEaHaYan7ws/YLyGg==
  dependencies:
    aggregate-error "3.0.1"
    camel-case "4.1.1"
    graphql-tools-fork "9.0.1"
    lodash "4.17.15"

"@wry/equality@^0.1.2":
  version "0.1.11"
  resolved "https://registry.yarnpkg.com/@wry/equality/-/equality-0.1.11.tgz#35cb156e4a96695aa81a9ecc4d03787bc17f1790"
  integrity sha512-mwEVBDUVODlsQQ5dfuLUS5/Tf7jqUKyhKYHmVi4fPB6bDMOfWvUPJmKgS1Z7Za/sOI3vzWt4+O7yCiL/70MogA==
  dependencies:
    tslib "^1.9.3"

aggregate-error@3.0.1:
  version "3.0.1"
  resolved "https://registry.yarnpkg.com/aggregate-error/-/aggregate-error-3.0.1.tgz#db2fe7246e536f40d9b5442a39e117d7dd6a24e0"
  integrity sha512-quoaXsZ9/BLNae5yiNoUz+Nhkwz83GhWwtYFglcjEQB2NDHCIpApbqXxIFnm4Pq/Nvhrsq5sYJFyohrrxnTGAA==
  dependencies:
    clean-stack "^2.0.0"
    indent-string "^4.0.0"

apollo-link-http-common@^0.2.15:
  version "0.2.15"
  resolved "https://registry.yarnpkg.com/apollo-link-http-common/-/apollo-link-http-common-0.2.15.tgz#304e67705122bf69a9abaded4351b10bc5efd6d9"
  integrity sha512-+Heey4S2IPsPyTf8Ag3PugUupASJMW894iVps6hXbvwtg1aHSNMXUYO5VG7iRHkPzqpuzT4HMBanCTXPjtGzxg==
  dependencies:
    apollo-link "^1.2.13"
    ts-invariant "^0.4.0"
    tslib "^1.9.3"

apollo-link@^1.2.13:
  version "1.2.13"
  resolved "https://registry.yarnpkg.com/apollo-link/-/apollo-link-1.2.13.tgz#dff00fbf19dfcd90fddbc14b6a3f9a771acac6c4"
  integrity sha512-+iBMcYeevMm1JpYgwDEIDt/y0BB7VWyvlm/7x+TIPNLHCTCMgcEgDuW5kH86iQZWo0I7mNwQiTOz+/3ShPFmBw==
  dependencies:
    apollo-utilities "^1.3.0"
    ts-invariant "^0.4.0"
    tslib "^1.9.3"
    zen-observable-ts "^0.8.20"

apollo-utilities@^1.3.0:
  version "1.3.3"
  resolved "https://registry.yarnpkg.com/apollo-utilities/-/apollo-utilities-1.3.3.tgz#f1854715a7be80cd810bc3ac95df085815c0787c"
  integrity sha512-F14aX2R/fKNYMvhuP2t9GD9fggID7zp5I96MF5QeKYWDWTrkRdHRp4+SVfXUVN+cXOaB/IebfvRtzPf25CM0zw==
  dependencies:
    "@wry/equality" "^0.1.2"
    fast-json-stable-stringify "^2.0.0"
    ts-invariant "^0.4.0"
    tslib "^1.10.0"

asynckit@^0.4.0:
  version "0.4.0"
  resolved "https://registry.yarnpkg.com/asynckit/-/asynckit-0.4.0.tgz#c79ed97f7f34cb8f2ba1bc9790bcc366474b4b79"
  integrity sha1-x57Zf380y48robyXkLzDZkdLS3k=

camel-case@4.1.1:
  version "4.1.1"
  resolved "https://registry.yarnpkg.com/camel-case/-/camel-case-4.1.1.tgz#1fc41c854f00e2f7d0139dfeba1542d6896fe547"
  integrity sha512-7fa2WcG4fYFkclIvEmxBbTvmibwF2/agfEBc6q3lOpVu0A13ltLsA+Hr/8Hp6kp5f+G7hKi6t8lys6XxP+1K6Q==
  dependencies:
    pascal-case "^3.1.1"
    tslib "^1.10.0"

clean-stack@^2.0.0:
  version "2.2.0"
  resolved "https://registry.yarnpkg.com/clean-stack/-/clean-stack-2.2.0.tgz#ee8472dbb129e727b31e8a10a427dee9dfe4008b"
  integrity sha512-4diC9HaTE+KRAMWhDhrGOECgWZxoevMc5TlkObMqNSsVU62PYzXZ/SMTjzyGAFF1YusgxGcSWTEXBhp0CPwQ1A==

combined-stream@^1.0.8:
  version "1.0.8"
  resolved "https://registry.yarnpkg.com/combined-stream/-/combined-stream-1.0.8.tgz#c3d45a8b34fd730631a110a8a2520682b31d5a7f"
  integrity sha512-FQN4MRfuJeHf7cBbBMJFXhKSDq+2kAArBlmRBvcvFE5BB1HZKXtSFASDhdlz9zOYwxh8lDdnvmMOe/+5cdoEdg==
  dependencies:
    delayed-stream "~1.0.0"

common-tags@1.8.0:
  version "1.8.0"
  resolved "https://registry.yarnpkg.com/common-tags/-/common-tags-1.8.0.tgz#8e3153e542d4a39e9b10554434afaaf98956a937"
  integrity sha512-6P6g0uetGpW/sdyUy/iQQCbFF0kWVMSIVSyYz7Zgjcgh8mgw8PQzDNZeyZ5DQ2gM7LBoZPHmnjz8rUthkBG5tw==

constant-case@3.0.3:
  version "3.0.3"
  resolved "https://registry.yarnpkg.com/constant-case/-/constant-case-3.0.3.tgz#ac910a99caf3926ac5112f352e3af599d8c5fc0a"
  integrity sha512-FXtsSnnrFYpzDmvwDGQW+l8XK3GV1coLyBN0eBz16ZUzGaZcT2ANVCJmLeuw2GQgxKHQIe9e0w2dzkSfaRlUmA==
  dependencies:
    no-case "^3.0.3"
    tslib "^1.10.0"
    upper-case "^2.0.1"

delayed-stream@~1.0.0:
  version "1.0.0"
  resolved "https://registry.yarnpkg.com/delayed-stream/-/delayed-stream-1.0.0.tgz#df3ae199acadfb7d440aaae0b29e2272b24ec619"
  integrity sha1-3zrhmayt+31ECqrgsp4icrJOxhk=

deprecated-decorator@^0.1.6:
  version "0.1.6"
  resolved "https://registry.yarnpkg.com/deprecated-decorator/-/deprecated-decorator-0.1.6.tgz#00966317b7a12fe92f3cc831f7583af329b86c37"
  integrity sha1-AJZjF7ehL+kvPMgx91g68ym4bDc=

dot-case@^3.0.3:
  version "3.0.3"
  resolved "https://registry.yarnpkg.com/dot-case/-/dot-case-3.0.3.tgz#21d3b52efaaba2ea5fda875bb1aa8124521cf4aa"
  integrity sha512-7hwEmg6RiSQfm/GwPL4AAWXKy3YNNZA3oFv2Pdiey0mwkRCPZ9x6SZbkLcn8Ma5PYeVokzoD4Twv2n7LKp5WeA==
  dependencies:
    no-case "^3.0.3"
    tslib "^1.10.0"

extract-files@^7.0.0:
  version "7.0.0"
  resolved "https://registry.yarnpkg.com/extract-files/-/extract-files-7.0.0.tgz#3dc7853320ff7876ec62d6e98f2f4e6f3e6282f6"
  integrity sha512-3AUlT7TD+DbQXNe3t70QrgJU6Wgcp7rk1Zm0vqWz8OYnw4vxihgG0TgZ2SIGrVqScc4WfOu7B4a0BezGJ0YqvQ==

fast-json-stable-stringify@^2.0.0:
  version "2.1.0"
  resolved "https://registry.yarnpkg.com/fast-json-stable-stringify/-/fast-json-stable-stringify-2.1.0.tgz#874bf69c6f404c2b5d99c481341399fd55892633"
  integrity sha512-lhd/wF+Lk98HZoTCtlVraHtfh5XYijIjalXck7saUtuanSDyLMxnHhSXEDJqHxD7msR8D0uCmqlkwjCV8xvwHw==

form-data@^3.0.0:
  version "3.0.0"
  resolved "https://registry.yarnpkg.com/form-data/-/form-data-3.0.0.tgz#31b7e39c85f1355b7139ee0c647cf0de7f83c682"
  integrity sha512-CKMFDglpbMi6PyN+brwB9Q/GOw0eAnsrEZDgcsH5Krhz5Od/haKHAX0NmQfha2zPPz0JpWzA7GJHGSnvCRLWsg==
  dependencies:
    asynckit "^0.4.0"
    combined-stream "^1.0.8"
    mime-types "^2.1.12"

graphql-tools-fork@9.0.1:
  version "9.0.1"
  resolved "https://registry.yarnpkg.com/graphql-tools-fork/-/graphql-tools-fork-9.0.1.tgz#fc8df40c108bdba3268999dea355cc614c765038"
  integrity sha512-kM6mUNVekgnWKtVqLGQ9HvQqQ3zZVPZRg1esltBoohsbUMaChl+9QkjBjoMxnZPnbTGOOGGagopNBQALIBysNg==
  dependencies:
    apollo-link "^1.2.13"
    apollo-link-http-common "^0.2.15"
    deprecated-decorator "^0.1.6"
    extract-files "^7.0.0"
    form-data "^3.0.0"
    iterall "^1.3.0"
    node-fetch "^2.6.0"
    uuid "^7.0.2"

import-from@3.0.0:
  version "3.0.0"
  resolved "https://registry.yarnpkg.com/import-from/-/import-from-3.0.0.tgz#055cfec38cd5a27d8057ca51376d7d3bf0891966"
  integrity sha512-CiuXOFFSzkU5x/CR0+z7T91Iht4CXgfCxVOFRhh2Zyhg5wOpWvvDLQUsWl+gcN+QscYBjez8hDCt85O7RLDttQ==
  dependencies:
    resolve-from "^5.0.0"

indent-string@^4.0.0:
  version "4.0.0"
  resolved "https://registry.yarnpkg.com/indent-string/-/indent-string-4.0.0.tgz#624f8f4497d619b2d9768531d58f4122854d7251"
  integrity sha512-EdDDZu4A2OyIK7Lr/2zG+w5jmbuk1DVBnEwREQvBzspBJkCEbRa8GxU1lghYcaGJCnRWibjDXlq779X1/y5xwg==

iterall@^1.3.0:
  version "1.3.0"
  resolved "https://registry.yarnpkg.com/iterall/-/iterall-1.3.0.tgz#afcb08492e2915cbd8a0884eb93a8c94d0d72fea"
  integrity sha512-QZ9qOMdF+QLHxy1QIpUHUU1D5pS2CG2P69LF6L6CPjPYA/XMOmKV3PZpawHoAjHNyB0swdVTRxdYT4tbBbxqwg==

lodash@4.17.15:
  version "4.17.15"
  resolved "https://registry.yarnpkg.com/lodash/-/lodash-4.17.15.tgz#b447f6670a0455bbfeedd11392eff330ea097548"
  integrity sha512-8xOcRHvCjnocdS5cpwXQXVzmmh5e5+saE2QGoeQmbKmRS6J3VQppPOIt0MnmE+4xlZoumy0GPG0D0MVIQbNA1A==

lower-case@2.0.1, lower-case@^2.0.1:
  version "2.0.1"
  resolved "https://registry.yarnpkg.com/lower-case/-/lower-case-2.0.1.tgz#39eeb36e396115cc05e29422eaea9e692c9408c7"
  integrity sha512-LiWgfDLLb1dwbFQZsSglpRj+1ctGnayXz3Uv0/WO8n558JycT5fg6zkNcnW0G68Nn0aEldTFeEfmjCfmqry/rQ==
  dependencies:
    tslib "^1.10.0"

mime-db@1.43.0:
  version "1.43.0"
  resolved "https://registry.yarnpkg.com/mime-db/-/mime-db-1.43.0.tgz#0a12e0502650e473d735535050e7c8f4eb4fae58"
  integrity sha512-+5dsGEEovYbT8UY9yD7eE4XTc4UwJ1jBYlgaQQF38ENsKR3wj/8q8RFZrF9WIZpB2V1ArTVFUva8sAul1NzRzQ==

mime-types@^2.1.12:
  version "2.1.26"
  resolved "https://registry.yarnpkg.com/mime-types/-/mime-types-2.1.26.tgz#9c921fc09b7e149a65dfdc0da4d20997200b0a06"
  integrity sha512-01paPWYgLrkqAyrlDorC1uDwl2p3qZT7yl806vW7DvDoxwXi46jsjFbg+WdwotBIk6/MbEhO/dh5aZ5sNj/dWQ==
  dependencies:
    mime-db "1.43.0"

no-case@^3.0.3:
  version "3.0.3"
  resolved "https://registry.yarnpkg.com/no-case/-/no-case-3.0.3.tgz#c21b434c1ffe48b39087e86cfb4d2582e9df18f8"
  integrity sha512-ehY/mVQCf9BL0gKfsJBvFJen+1V//U+0HQMPrWct40ixE4jnv0bfvxDbWtAHL9EcaPEOJHVVYKoQn1TlZUB8Tw==
  dependencies:
    lower-case "^2.0.1"
    tslib "^1.10.0"

node-fetch@^2.6.0:
  version "2.6.0"
  resolved "https://registry.yarnpkg.com/node-fetch/-/node-fetch-2.6.0.tgz#e633456386d4aa55863f676a7ab0daa8fdecb0fd"
  integrity sha512-8dG4H5ujfvFiqDmVu9fQ5bOHUC15JMjMY/Zumv26oOvvVJjM67KF8koCWIabKQ1GJIa9r2mMZscBq/TbdOcmNA==

param-case@3.0.3:
  version "3.0.3"
  resolved "https://registry.yarnpkg.com/param-case/-/param-case-3.0.3.tgz#4be41f8399eff621c56eebb829a5e451d9801238"
  integrity sha512-VWBVyimc1+QrzappRs7waeN2YmoZFCGXWASRYX1/rGHtXqEcrGEIDm+jqIwFa2fRXNgQEwrxaYuIrX0WcAguTA==
  dependencies:
    dot-case "^3.0.3"
    tslib "^1.10.0"

pascal-case@3.1.1, pascal-case@^3.1.1:
  version "3.1.1"
  resolved "https://registry.yarnpkg.com/pascal-case/-/pascal-case-3.1.1.tgz#5ac1975133ed619281e88920973d2cd1f279de5f"
  integrity sha512-XIeHKqIrsquVTQL2crjq3NfJUxmdLasn3TYOU0VBM+UX2a6ztAWBlJQBePLGY7VHW8+2dRadeIPK5+KImwTxQA==
  dependencies:
    no-case "^3.0.3"
    tslib "^1.10.0"

resolve-from@^5.0.0:
  version "5.0.0"
  resolved "https://registry.yarnpkg.com/resolve-from/-/resolve-from-5.0.0.tgz#c35225843df8f776df21c57557bc087e9dfdfc69"
  integrity sha512-qYg9KP24dD5qka9J47d0aVky0N+b4fTU89LN9iDnjB5waksiC49rvMB0PrUJQGoTmH50XPiqOvAjDfaijGxYZw==

ts-invariant@^0.4.0:
  version "0.4.4"
  resolved "https://registry.yarnpkg.com/ts-invariant/-/ts-invariant-0.4.4.tgz#97a523518688f93aafad01b0e80eb803eb2abd86"
  integrity sha512-uEtWkFM/sdZvRNNDL3Ehu4WVpwaulhwQszV8mrtcdeE8nN00BV9mAmQ88RkrBhFgl9gMgvjJLAQcZbnPXI9mlA==
  dependencies:
    tslib "^1.9.3"

tslib@^1.10.0, tslib@^1.9.3, tslib@~1.11.1:
  version "1.11.1"
  resolved "https://registry.yarnpkg.com/tslib/-/tslib-1.11.1.tgz#eb15d128827fbee2841549e171f45ed338ac7e35"
  integrity sha512-aZW88SY8kQbU7gpV19lN24LtXh/yD4ZZg6qieAJDDg+YBsJcSmLGK9QpnUjAKVG/xefmvJGd1WUmfpT/g6AJGA==

upper-case@2.0.1, upper-case@^2.0.1:
  version "2.0.1"
  resolved "https://registry.yarnpkg.com/upper-case/-/upper-case-2.0.1.tgz#6214d05e235dc817822464ccbae85822b3d8665f"
  integrity sha512-laAsbea9SY5osxrv7S99vH9xAaJKrw5Qpdh4ENRLcaxipjKsiaBwiAsxfa8X5mObKNTQPsupSq0J/VIxsSJe3A==
  dependencies:
    tslib "^1.10.0"

uuid@^7.0.2:
  version "7.0.3"
  resolved "https://registry.yarnpkg.com/uuid/-/uuid-7.0.3.tgz#c5c9f2c8cf25dc0a372c4df1441c41f5bd0c680b"
  integrity sha512-DPSke0pXhTZgoF/d+WSt2QaKMCFSfx7QegxEWT+JOuHF5aWrKEn0G+ztjuJg/gG8/ItK+rbPCD/yNv8yyih6Cg==

zen-observable-ts@^0.8.20:
  version "0.8.20"
  resolved "https://registry.yarnpkg.com/zen-observable-ts/-/zen-observable-ts-0.8.20.tgz#44091e335d3fcbc97f6497e63e7f57d5b516b163"
  integrity sha512-2rkjiPALhOtRaDX6pWyNqK1fnP5KkJJybYebopNSn6wDG1lxBoFs2+nwwXKoA6glHIrtwrfBBy6da0stkKtTAA==
  dependencies:
    tslib "^1.9.3"
    zen-observable "^0.8.0"

zen-observable@^0.8.0:
  version "0.8.15"
  resolved "https://registry.yarnpkg.com/zen-observable/-/zen-observable-0.8.15.tgz#96415c512d8e3ffd920afd3889604e30b9eaac15"
  integrity sha512-PQ2PC7R9rslx84ndNBZB/Dkv8V8fZEpk83RLgXtYd0fwUgEjseMn1Dgajh2x6S8QbZAFa9p2qVCEuYZNgve0dQ==
